
Microsoft Visual Studio Solution File, Format Version 12.00
# Visual Studio 15
VisualStudioVersion = 15.0.28307.329
MinimumVisualStudioVersion = 10.0.40219.1
Project("{FAE04EC0-301F-11D3-BF4B-00C04F79EFBC}") = "MissionTracking", "MissionTracking\MissionTracking.csproj", "{40F67674-CF30-4157-8FE3-C9928364CA60}"
EndProject
Global
	GlobalSection(SolutionConfigurationPlatforms) = preSolution
		Debug|Any CPU = Debug|Any CPU
		Release|Any CPU = Release|Any CPU
	EndGlobalSection
	GlobalSection(ProjectConfigurationPlatforms) = postSolution
		{40F67674-CF30-4157-8FE3-C9928364CA60}.Debug|Any CPU.ActiveCfg = Debug|Any CPU
		{40F67674-CF30-4157-8FE3-C9928364CA60}.Debug|Any CPU.Build.0 = Debug|Any CPU
		{40F67674-CF30-4157-8FE3-C9928364CA60}.Release|Any CPU.ActiveCfg = Release|Any CPU
		{40F67674-CF30-4157-8FE3-C9928364CA60}.Release|Any CPU.Build.0 = Release|Any CPU
	EndGlobalSection
	GlobalSection(SolutionProperties) = preSolution
		HideSolutionNode = FALSE
	EndGlobalSection
	GlobalSection(ExtensibilityGlobals) = postSolution
		SolutionGuid = {6C32DCDB-4451-4D10-ACF4-A232AE6A1EEC}
	EndGlobalSection
EndGlobal
